// !$*UTF8*$!
{
	archiveVersion = 1;
	classes = {
	};
	objectVersion = 46;
	objects = {

/* Begin PBXBuildFile section */
		CE10B9D91B32F2FC00EACD7A /* AppDelegate.swift in Sources */ = {isa = PBXBuildFile; fileRef = CE10B9D81B32F2FC00EACD7A /* AppDelegate.swift */; };
		CE10B9DE1B32F2FC00EACD7A /* Main.storyboard in Resources */ = {isa = PBXBuildFile; fileRef = CE10B9DC1B32F2FC00EACD7A /* Main.storyboard */; };
		CE10B9E01B32F2FC00EACD7A /* Images.xcassets in Resources */ = {isa = PBXBuildFile; fileRef = CE10B9DF1B32F2FC00EACD7A /* Images.xcassets */; };
		CE10B9E31B32F2FC00EACD7A /* LaunchScreen.xib in Resources */ = {isa = PBXBuildFile; fileRef = CE10B9E11B32F2FC00EACD7A /* LaunchScreen.xib */; };
		CE10B9EF1B32F2FC00EACD7A /* PersonaTests.swift in Sources */ = {isa = PBXBuildFile; fileRef = CE10B9EE1B32F2FC00EACD7A /* PersonaTests.swift */; };
		CE24AB1B1B5634E400A74253 /* AsyncButton.swift in Sources */ = {isa = PBXBuildFile; fileRef = CE24AAFD1B5634E400A74253 /* AsyncButton.swift */; };
		CE24AB1C1B5634E400A74253 /* AsyncImageView.swift in Sources */ = {isa = PBXBuildFile; fileRef = CE24AAFE1B5634E400A74253 /* AsyncImageView.swift */; };
		CE24AB1D1B5634E400A74253 /* AutoTextView.swift in Sources */ = {isa = PBXBuildFile; fileRef = CE24AAFF1B5634E400A74253 /* AutoTextView.swift */; };
		CE24AB1E1B5634E400A74253 /* BlurView.swift in Sources */ = {isa = PBXBuildFile; fileRef = CE24AB001B5634E400A74253 /* BlurView.swift */; };
		CE24AB1F1B5634E400A74253 /* DesignableButton.swift in Sources */ = {isa = PBXBuildFile; fileRef = CE24AB011B5634E400A74253 /* DesignableButton.swift */; };
		CE24AB201B5634E400A74253 /* DesignableImageView.swift in Sources */ = {isa = PBXBuildFile; fileRef = CE24AB021B5634E400A74253 /* DesignableImageView.swift */; };
		CE24AB211B5634E400A74253 /* DesignableLabel.swift in Sources */ = {isa = PBXBuildFile; fileRef = CE24AB031B5634E400A74253 /* DesignableLabel.swift */; };
		CE24AB221B5634E400A74253 /* DesignableTabBarController.swift in Sources */ = {isa = PBXBuildFile; fileRef = CE24AB041B5634E400A74253 /* DesignableTabBarController.swift */; };
		CE24AB231B5634E400A74253 /* DesignableTextField.swift in Sources */ = {isa = PBXBuildFile; fileRef = CE24AB051B5634E400A74253 /* DesignableTextField.swift */; };
		CE24AB241B5634E400A74253 /* DesignableTextView.swift in Sources */ = {isa = PBXBuildFile; fileRef = CE24AB061B5634E400A74253 /* DesignableTextView.swift */; };
		CE24AB251B5634E400A74253 /* DesignableView.swift in Sources */ = {isa = PBXBuildFile; fileRef = CE24AB071B5634E400A74253 /* DesignableView.swift */; };
		CE24AB261B5634E400A74253 /* ImageLoader.swift in Sources */ = {isa = PBXBuildFile; fileRef = CE24AB081B5634E400A74253 /* ImageLoader.swift */; };
		CE24AB271B5634E400A74253 /* Info.plist in Resources */ = {isa = PBXBuildFile; fileRef = CE24AB091B5634E400A74253 /* Info.plist */; };
		CE24AB281B5634E400A74253 /* KeyboardLayoutConstraint.swift in Sources */ = {isa = PBXBuildFile; fileRef = CE24AB0A1B5634E400A74253 /* KeyboardLayoutConstraint.swift */; };
		CE24AB291B5634E400A74253 /* LoadingView.swift in Sources */ = {isa = PBXBuildFile; fileRef = CE24AB0B1B5634E400A74253 /* LoadingView.swift */; };
		CE24AB2A1B5634E400A74253 /* LoadingView.xib in Resources */ = {isa = PBXBuildFile; fileRef = CE24AB0C1B5634E400A74253 /* LoadingView.xib */; };
		CE24AB2B1B5634E400A74253 /* Misc.swift in Sources */ = {isa = PBXBuildFile; fileRef = CE24AB0D1B5634E400A74253 /* Misc.swift */; };
		CE24AB2C1B5634E400A74253 /* SoundPlayer.swift in Sources */ = {isa = PBXBuildFile; fileRef = CE24AB0E1B5634E400A74253 /* SoundPlayer.swift */; };
		CE24AB2D1B5634E400A74253 /* Spring.swift in Sources */ = {isa = PBXBuildFile; fileRef = CE24AB101B5634E400A74253 /* Spring.swift */; };
		CE24AB2E1B5634E400A74253 /* SpringAnimation.swift in Sources */ = {isa = PBXBuildFile; fileRef = CE24AB111B5634E400A74253 /* SpringAnimation.swift */; };
		CE24AB2F1B5634E400A74253 /* SpringButton.swift in Sources */ = {isa = PBXBuildFile; fileRef = CE24AB121B5634E400A74253 /* SpringButton.swift */; };
		CE24AB301B5634E400A74253 /* SpringImageView.swift in Sources */ = {isa = PBXBuildFile; fileRef = CE24AB131B5634E400A74253 /* SpringImageView.swift */; };
		CE24AB311B5634E400A74253 /* SpringLabel.swift in Sources */ = {isa = PBXBuildFile; fileRef = CE24AB141B5634E400A74253 /* SpringLabel.swift */; };
		CE24AB321B5634E400A74253 /* SpringTextField.swift in Sources */ = {isa = PBXBuildFile; fileRef = CE24AB151B5634E400A74253 /* SpringTextField.swift */; };
		CE24AB331B5634E400A74253 /* SpringTextView.swift in Sources */ = {isa = PBXBuildFile; fileRef = CE24AB161B5634E400A74253 /* SpringTextView.swift */; };
		CE24AB341B5634E400A74253 /* SpringView.swift in Sources */ = {isa = PBXBuildFile; fileRef = CE24AB171B5634E400A74253 /* SpringView.swift */; };
		CE24AB351B5634E400A74253 /* TransitionManager.swift in Sources */ = {isa = PBXBuildFile; fileRef = CE24AB181B5634E400A74253 /* TransitionManager.swift */; };
		CE24AB361B5634E400A74253 /* TransitionZoom.swift in Sources */ = {isa = PBXBuildFile; fileRef = CE24AB191B5634E400A74253 /* TransitionZoom.swift */; };
		CE24AB371B5634E400A74253 /* UnwindSegue.swift in Sources */ = {isa = PBXBuildFile; fileRef = CE24AB1A1B5634E400A74253 /* UnwindSegue.swift */; };
		CE50D2C21B340A8E001AE53C /* SignUpViewController.swift in Sources */ = {isa = PBXBuildFile; fileRef = CE50D2C11B340A8E001AE53C /* SignUpViewController.swift */; };
		CE50D2C71B340F9F001AE53C /* ProgressHUD.bundle in Resources */ = {isa = PBXBuildFile; fileRef = CE50D2C41B340F9F001AE53C /* ProgressHUD.bundle */; };
		CE50D2C81B340F9F001AE53C /* ProgressHUD.m in Sources */ = {isa = PBXBuildFile; fileRef = CE50D2C61B340F9F001AE53C /* ProgressHUD.m */; };
		CEA640CA1B585FE40049F7F0 /* TPKeyboardAvoidingCollectionView.m in Sources */ = {isa = PBXBuildFile; fileRef = CEA640C31B585FE40049F7F0 /* TPKeyboardAvoidingCollectionView.m */; };
		CEA640CB1B585FE40049F7F0 /* TPKeyboardAvoidingScrollView.m in Sources */ = {isa = PBXBuildFile; fileRef = CEA640C51B585FE40049F7F0 /* TPKeyboardAvoidingScrollView.m */; };
		CEA640CC1B585FE40049F7F0 /* TPKeyboardAvoidingTableView.m in Sources */ = {isa = PBXBuildFile; fileRef = CEA640C71B585FE40049F7F0 /* TPKeyboardAvoidingTableView.m */; };
		CEA640CD1B585FE40049F7F0 /* UIScrollView+TPKeyboardAvoidingAdditions.m in Sources */ = {isa = PBXBuildFile; fileRef = CEA640C91B585FE40049F7F0 /* UIScrollView+TPKeyboardAvoidingAdditions.m */; };
		CEC332571BEB096B00EE038B /* FeedViewController.swift in Sources */ = {isa = PBXBuildFile; fileRef = CEC332561BEB096B00EE038B /* FeedViewController.swift */; };
		CEC332591BEB0B0000EE038B /* FeedTableViewCell.swift in Sources */ = {isa = PBXBuildFile; fileRef = CEC332581BEB0B0000EE038B /* FeedTableViewCell.swift */; };
		CEC725541B36F19C0070F73A /* HHAlertView.m in Sources */ = {isa = PBXBuildFile; fileRef = CEC725531B36F19C0070F73A /* HHAlertView.m */; };
		CEEAD1681B345F540054B55F /* LoginViewController.swift in Sources */ = {isa = PBXBuildFile; fileRef = CEEAD1671B345F540054B55F /* LoginViewController.swift */; };
/* End PBXBuildFile section */

/* Begin PBXContainerItemProxy section */
		CE10B9E91B32F2FC00EACD7A /* PBXContainerItemProxy */ = {
			isa = PBXContainerItemProxy;
			containerPortal = CE10B9CB1B32F2FC00EACD7A /* Project object */;
			proxyType = 1;
			remoteGlobalIDString = CE10B9D21B32F2FC00EACD7A;
			remoteInfo = Persona;
		};
/* End PBXContainerItemProxy section */

/* Begin PBXFileReference section */
		CE10B9D31B32F2FC00EACD7A /* Persona.app */ = {isa = PBXFileReference; explicitFileType = wrapper.application; includeInIndex = 0; path = Persona.app; sourceTree = BUILT_PRODUCTS_DIR; };
		CE10B9D71B32F2FC00EACD7A /* Info.plist */ = {isa = PBXFileReference; lastKnownFileType = text.plist.xml; path = Info.plist; sourceTree = "<group>"; };
		CE10B9D81B32F2FC00EACD7A /* AppDelegate.swift */ = {isa = PBXFileReference; lastKnownFileType = sourcecode.swift; path = AppDelegate.swift; sourceTree = "<group>"; };
		CE10B9DD1B32F2FC00EACD7A /* Base */ = {isa = PBXFileReference; lastKnownFileType = file.storyboard; name = Base; path = Base.lproj/Main.storyboard; sourceTree = "<group>"; };
		CE10B9DF1B32F2FC00EACD7A /* Images.xcassets */ = {isa = PBXFileReference; lastKnownFileType = folder.assetcatalog; path = Images.xcassets; sourceTree = "<group>"; };
		CE10B9E21B32F2FC00EACD7A /* Base */ = {isa = PBXFileReference; lastKnownFileType = file.xib; name = Base; path = Base.lproj/LaunchScreen.xib; sourceTree = "<group>"; };
		CE10B9E81B32F2FC00EACD7A /* PersonaTests.xctest */ = {isa = PBXFileReference; explicitFileType = wrapper.cfbundle; includeInIndex = 0; path = PersonaTests.xctest; sourceTree = BUILT_PRODUCTS_DIR; };
		CE10B9ED1B32F2FC00EACD7A /* Info.plist */ = {isa = PBXFileReference; lastKnownFileType = text.plist.xml; path = Info.plist; sourceTree = "<group>"; };
		CE10B9EE1B32F2FC00EACD7A /* PersonaTests.swift */ = {isa = PBXFileReference; lastKnownFileType = sourcecode.swift; path = PersonaTests.swift; sourceTree = "<group>"; };
		CE24AAFD1B5634E400A74253 /* AsyncButton.swift */ = {isa = PBXFileReference; fileEncoding = 4; lastKnownFileType = sourcecode.swift; path = AsyncButton.swift; sourceTree = "<group>"; };
		CE24AAFE1B5634E400A74253 /* AsyncImageView.swift */ = {isa = PBXFileReference; fileEncoding = 4; lastKnownFileType = sourcecode.swift; path = AsyncImageView.swift; sourceTree = "<group>"; };
		CE24AAFF1B5634E400A74253 /* AutoTextView.swift */ = {isa = PBXFileReference; fileEncoding = 4; lastKnownFileType = sourcecode.swift; path = AutoTextView.swift; sourceTree = "<group>"; };
		CE24AB001B5634E400A74253 /* BlurView.swift */ = {isa = PBXFileReference; fileEncoding = 4; lastKnownFileType = sourcecode.swift; path = BlurView.swift; sourceTree = "<group>"; };
		CE24AB011B5634E400A74253 /* DesignableButton.swift */ = {isa = PBXFileReference; fileEncoding = 4; lastKnownFileType = sourcecode.swift; path = DesignableButton.swift; sourceTree = "<group>"; };
		CE24AB021B5634E400A74253 /* DesignableImageView.swift */ = {isa = PBXFileReference; fileEncoding = 4; lastKnownFileType = sourcecode.swift; path = DesignableImageView.swift; sourceTree = "<group>"; };
		CE24AB031B5634E400A74253 /* DesignableLabel.swift */ = {isa = PBXFileReference; fileEncoding = 4; lastKnownFileType = sourcecode.swift; path = DesignableLabel.swift; sourceTree = "<group>"; };
		CE24AB041B5634E400A74253 /* DesignableTabBarController.swift */ = {isa = PBXFileReference; fileEncoding = 4; lastKnownFileType = sourcecode.swift; path = DesignableTabBarController.swift; sourceTree = "<group>"; };
		CE24AB051B5634E400A74253 /* DesignableTextField.swift */ = {isa = PBXFileReference; fileEncoding = 4; lastKnownFileType = sourcecode.swift; path = DesignableTextField.swift; sourceTree = "<group>"; };
		CE24AB061B5634E400A74253 /* DesignableTextView.swift */ = {isa = PBXFileReference; fileEncoding = 4; lastKnownFileType = sourcecode.swift; path = DesignableTextView.swift; sourceTree = "<group>"; };
		CE24AB071B5634E400A74253 /* DesignableView.swift */ = {isa = PBXFileReference; fileEncoding = 4; lastKnownFileType = sourcecode.swift; path = DesignableView.swift; sourceTree = "<group>"; };
		CE24AB081B5634E400A74253 /* ImageLoader.swift */ = {isa = PBXFileReference; fileEncoding = 4; lastKnownFileType = sourcecode.swift; path = ImageLoader.swift; sourceTree = "<group>"; };
		CE24AB091B5634E400A74253 /* Info.plist */ = {isa = PBXFileReference; fileEncoding = 4; lastKnownFileType = text.plist.xml; path = Info.plist; sourceTree = "<group>"; };
		CE24AB0A1B5634E400A74253 /* KeyboardLayoutConstraint.swift */ = {isa = PBXFileReference; fileEncoding = 4; lastKnownFileType = sourcecode.swift; path = KeyboardLayoutConstraint.swift; sourceTree = "<group>"; };
		CE24AB0B1B5634E400A74253 /* LoadingView.swift */ = {isa = PBXFileReference; fileEncoding = 4; lastKnownFileType = sourcecode.swift; path = LoadingView.swift; sourceTree = "<group>"; };
		CE24AB0C1B5634E400A74253 /* LoadingView.xib */ = {isa = PBXFileReference; fileEncoding = 4; lastKnownFileType = file.xib; path = LoadingView.xib; sourceTree = "<group>"; };
		CE24AB0D1B5634E400A74253 /* Misc.swift */ = {isa = PBXFileReference; fileEncoding = 4; lastKnownFileType = sourcecode.swift; path = Misc.swift; sourceTree = "<group>"; };
		CE24AB0E1B5634E400A74253 /* SoundPlayer.swift */ = {isa = PBXFileReference; fileEncoding = 4; lastKnownFileType = sourcecode.swift; path = SoundPlayer.swift; sourceTree = "<group>"; };
		CE24AB0F1B5634E400A74253 /* Spring.h */ = {isa = PBXFileReference; fileEncoding = 4; lastKnownFileType = sourcecode.c.h; path = Spring.h; sourceTree = "<group>"; };
		CE24AB101B5634E400A74253 /* Spring.swift */ = {isa = PBXFileReference; fileEncoding = 4; lastKnownFileType = sourcecode.swift; path = Spring.swift; sourceTree = "<group>"; };
		CE24AB111B5634E400A74253 /* SpringAnimation.swift */ = {isa = PBXFileReference; fileEncoding = 4; lastKnownFileType = sourcecode.swift; path = SpringAnimation.swift; sourceTree = "<group>"; };
		CE24AB121B5634E400A74253 /* SpringButton.swift */ = {isa = PBXFileReference; fileEncoding = 4; lastKnownFileType = sourcecode.swift; path = SpringButton.swift; sourceTree = "<group>"; };
		CE24AB131B5634E400A74253 /* SpringImageView.swift */ = {isa = PBXFileReference; fileEncoding = 4; lastKnownFileType = sourcecode.swift; path = SpringImageView.swift; sourceTree = "<group>"; };
		CE24AB141B5634E400A74253 /* SpringLabel.swift */ = {isa = PBXFileReference; fileEncoding = 4; lastKnownFileType = sourcecode.swift; path = SpringLabel.swift; sourceTree = "<group>"; };
		CE24AB151B5634E400A74253 /* SpringTextField.swift */ = {isa = PBXFileReference; fileEncoding = 4; lastKnownFileType = sourcecode.swift; path = SpringTextField.swift; sourceTree = "<group>"; };
		CE24AB161B5634E400A74253 /* SpringTextView.swift */ = {isa = PBXFileReference; fileEncoding = 4; lastKnownFileType = sourcecode.swift; path = SpringTextView.swift; sourceTree = "<group>"; };
		CE24AB171B5634E400A74253 /* SpringView.swift */ = {isa = PBXFileReference; fileEncoding = 4; lastKnownFileType = sourcecode.swift; path = SpringView.swift; sourceTree = "<group>"; };
		CE24AB181B5634E400A74253 /* TransitionManager.swift */ = {isa = PBXFileReference; fileEncoding = 4; lastKnownFileType = sourcecode.swift; path = TransitionManager.swift; sourceTree = "<group>"; };
		CE24AB191B5634E400A74253 /* TransitionZoom.swift */ = {isa = PBXFileReference; fileEncoding = 4; lastKnownFileType = sourcecode.swift; path = TransitionZoom.swift; sourceTree = "<group>"; };
		CE24AB1A1B5634E400A74253 /* UnwindSegue.swift */ = {isa = PBXFileReference; fileEncoding = 4; lastKnownFileType = sourcecode.swift; path = UnwindSegue.swift; sourceTree = "<group>"; };
		CE50D2C11B340A8E001AE53C /* SignUpViewController.swift */ = {isa = PBXFileReference; fileEncoding = 4; lastKnownFileType = sourcecode.swift; path = SignUpViewController.swift; sourceTree = "<group>"; };
		CE50D2C41B340F9F001AE53C /* ProgressHUD.bundle */ = {isa = PBXFileReference; lastKnownFileType = "wrapper.plug-in"; path = ProgressHUD.bundle; sourceTree = "<group>"; };
		CE50D2C51B340F9F001AE53C /* ProgressHUD.h */ = {isa = PBXFileReference; fileEncoding = 4; lastKnownFileType = sourcecode.c.h; path = ProgressHUD.h; sourceTree = "<group>"; };
		CE50D2C61B340F9F001AE53C /* ProgressHUD.m */ = {isa = PBXFileReference; fileEncoding = 4; lastKnownFileType = sourcecode.c.objc; path = ProgressHUD.m; sourceTree = "<group>"; };
		CE50D2C91B341038001AE53C /* Persona-Bridging-Header.h */ = {isa = PBXFileReference; fileEncoding = 4; lastKnownFileType = sourcecode.c.h; path = "Persona-Bridging-Header.h"; sourceTree = "<group>"; };
		CEA640C21B585FE40049F7F0 /* TPKeyboardAvoidingCollectionView.h */ = {isa = PBXFileReference; fileEncoding = 4; lastKnownFileType = sourcecode.c.h; path = TPKeyboardAvoidingCollectionView.h; sourceTree = "<group>"; };
		CEA640C31B585FE40049F7F0 /* TPKeyboardAvoidingCollectionView.m */ = {isa = PBXFileReference; fileEncoding = 4; lastKnownFileType = sourcecode.c.objc; path = TPKeyboardAvoidingCollectionView.m; sourceTree = "<group>"; };
		CEA640C41B585FE40049F7F0 /* TPKeyboardAvoidingScrollView.h */ = {isa = PBXFileReference; fileEncoding = 4; lastKnownFileType = sourcecode.c.h; path = TPKeyboardAvoidingScrollView.h; sourceTree = "<group>"; };
		CEA640C51B585FE40049F7F0 /* TPKeyboardAvoidingScrollView.m */ = {isa = PBXFileReference; fileEncoding = 4; lastKnownFileType = sourcecode.c.objc; path = TPKeyboardAvoidingScrollView.m; sourceTree = "<group>"; };
		CEA640C61B585FE40049F7F0 /* TPKeyboardAvoidingTableView.h */ = {isa = PBXFileReference; fileEncoding = 4; lastKnownFileType = sourcecode.c.h; path = TPKeyboardAvoidingTableView.h; sourceTree = "<group>"; };
		CEA640C71B585FE40049F7F0 /* TPKeyboardAvoidingTableView.m */ = {isa = PBXFileReference; fileEncoding = 4; lastKnownFileType = sourcecode.c.objc; path = TPKeyboardAvoidingTableView.m; sourceTree = "<group>"; };
		CEA640C81B585FE40049F7F0 /* UIScrollView+TPKeyboardAvoidingAdditions.h */ = {isa = PBXFileReference; fileEncoding = 4; lastKnownFileType = sourcecode.c.h; path = "UIScrollView+TPKeyboardAvoidingAdditions.h"; sourceTree = "<group>"; };
		CEA640C91B585FE40049F7F0 /* UIScrollView+TPKeyboardAvoidingAdditions.m */ = {isa = PBXFileReference; fileEncoding = 4; lastKnownFileType = sourcecode.c.objc; path = "UIScrollView+TPKeyboardAvoidingAdditions.m"; sourceTree = "<group>"; };
		CEC332561BEB096B00EE038B /* FeedViewController.swift */ = {isa = PBXFileReference; fileEncoding = 4; lastKnownFileType = sourcecode.swift; path = FeedViewController.swift; sourceTree = "<group>"; };
		CEC332581BEB0B0000EE038B /* FeedTableViewCell.swift */ = {isa = PBXFileReference; fileEncoding = 4; lastKnownFileType = sourcecode.swift; path = FeedTableViewCell.swift; sourceTree = "<group>"; };
		CEC725521B36F19C0070F73A /* HHAlertView.h */ = {isa = PBXFileReference; fileEncoding = 4; lastKnownFileType = sourcecode.c.h; path = HHAlertView.h; sourceTree = "<group>"; };
		CEC725531B36F19C0070F73A /* HHAlertView.m */ = {isa = PBXFileReference; fileEncoding = 4; lastKnownFileType = sourcecode.c.objc; path = HHAlertView.m; sourceTree = "<group>"; };
		CEEAD1671B345F540054B55F /* LoginViewController.swift */ = {isa = PBXFileReference; fileEncoding = 4; lastKnownFileType = sourcecode.swift; path = LoginViewController.swift; sourceTree = "<group>"; };
/* End PBXFileReference section */

/* Begin PBXFrameworksBuildPhase section */
		CE10B9D01B32F2FC00EACD7A /* Frameworks */ = {
			isa = PBXFrameworksBuildPhase;
			buildActionMask = 2147483647;
			files = (
			);
			runOnlyForDeploymentPostprocessing = 0;
		};
		CE10B9E51B32F2FC00EACD7A /* Frameworks */ = {
			isa = PBXFrameworksBuildPhase;
			buildActionMask = 2147483647;
			files = (
			);
			runOnlyForDeploymentPostprocessing = 0;
		};
/* End PBXFrameworksBuildPhase section */

/* Begin PBXGroup section */
		CE10B9CA1B32F2FC00EACD7A = {
			isa = PBXGroup;
			children = (
				CE10B9D51B32F2FC00EACD7A /* Persona */,
				CE10B9EB1B32F2FC00EACD7A /* PersonaTests */,
				CE10B9D41B32F2FC00EACD7A /* Products */,
			);
			sourceTree = "<group>";
		};
		CE10B9D41B32F2FC00EACD7A /* Products */ = {
			isa = PBXGroup;
			children = (
				CE10B9D31B32F2FC00EACD7A /* Persona.app */,
				CE10B9E81B32F2FC00EACD7A /* PersonaTests.xctest */,
			);
			name = Products;
			sourceTree = "<group>";
		};
		CE10B9D51B32F2FC00EACD7A /* Persona */ = {
			isa = PBXGroup;
			children = (
				CE24AAFC1B5634E400A74253 /* Spring */,
				CEC725521B36F19C0070F73A /* HHAlertView.h */,
				CEC725531B36F19C0070F73A /* HHAlertView.m */,
				CE50D2C31B340F9F001AE53C /* ProgressHUD */,
				CE10B9D81B32F2FC00EACD7A /* AppDelegate.swift */,
				CEA640C11B585FE40049F7F0 /* TPKeyboardAvoiding */,
				CE50D2C11B340A8E001AE53C /* SignUpViewController.swift */,
				CEEAD1671B345F540054B55F /* LoginViewController.swift */,
				CEC3325A1BEB0BCF00EE038B /* Main Feed */,
				CE50D2C91B341038001AE53C /* Persona-Bridging-Header.h */,
				CE10B9DC1B32F2FC00EACD7A /* Main.storyboard */,
				CE10B9DF1B32F2FC00EACD7A /* Images.xcassets */,
				CE10B9E11B32F2FC00EACD7A /* LaunchScreen.xib */,
				CE10B9D61B32F2FC00EACD7A /* Supporting Files */,
			);
			path = Persona;
			sourceTree = "<group>";
		};
		CE10B9D61B32F2FC00EACD7A /* Supporting Files */ = {
			isa = PBXGroup;
			children = (
				CE10B9D71B32F2FC00EACD7A /* Info.plist */,
			);
			name = "Supporting Files";
			sourceTree = "<group>";
		};
		CE10B9EB1B32F2FC00EACD7A /* PersonaTests */ = {
			isa = PBXGroup;
			children = (
				CE10B9EE1B32F2FC00EACD7A /* PersonaTests.swift */,
				CE10B9EC1B32F2FC00EACD7A /* Supporting Files */,
			);
			path = PersonaTests;
			sourceTree = "<group>";
		};
		CE10B9EC1B32F2FC00EACD7A /* Supporting Files */ = {
			isa = PBXGroup;
			children = (
				CE10B9ED1B32F2FC00EACD7A /* Info.plist */,
			);
			name = "Supporting Files";
			sourceTree = "<group>";
		};
		CE24AAFC1B5634E400A74253 /* Spring */ = {
			isa = PBXGroup;
			children = (
				CE24AAFD1B5634E400A74253 /* AsyncButton.swift */,
				CE24AAFE1B5634E400A74253 /* AsyncImageView.swift */,
				CE24AAFF1B5634E400A74253 /* AutoTextView.swift */,
				CE24AB001B5634E400A74253 /* BlurView.swift */,
				CE24AB011B5634E400A74253 /* DesignableButton.swift */,
				CE24AB021B5634E400A74253 /* DesignableImageView.swift */,
				CE24AB031B5634E400A74253 /* DesignableLabel.swift */,
				CE24AB041B5634E400A74253 /* DesignableTabBarController.swift */,
				CE24AB051B5634E400A74253 /* DesignableTextField.swift */,
				CE24AB061B5634E400A74253 /* DesignableTextView.swift */,
				CE24AB071B5634E400A74253 /* DesignableView.swift */,
				CE24AB081B5634E400A74253 /* ImageLoader.swift */,
				CE24AB091B5634E400A74253 /* Info.plist */,
				CE24AB0A1B5634E400A74253 /* KeyboardLayoutConstraint.swift */,
				CE24AB0B1B5634E400A74253 /* LoadingView.swift */,
				CE24AB0C1B5634E400A74253 /* LoadingView.xib */,
				CE24AB0D1B5634E400A74253 /* Misc.swift */,
				CE24AB0E1B5634E400A74253 /* SoundPlayer.swift */,
				CE24AB0F1B5634E400A74253 /* Spring.h */,
				CE24AB101B5634E400A74253 /* Spring.swift */,
				CE24AB111B5634E400A74253 /* SpringAnimation.swift */,
				CE24AB121B5634E400A74253 /* SpringButton.swift */,
				CE24AB131B5634E400A74253 /* SpringImageView.swift */,
				CE24AB141B5634E400A74253 /* SpringLabel.swift */,
				CE24AB151B5634E400A74253 /* SpringTextField.swift */,
				CE24AB161B5634E400A74253 /* SpringTextView.swift */,
				CE24AB171B5634E400A74253 /* SpringView.swift */,
				CE24AB181B5634E400A74253 /* TransitionManager.swift */,
				CE24AB191B5634E400A74253 /* TransitionZoom.swift */,
				CE24AB1A1B5634E400A74253 /* UnwindSegue.swift */,
			);
			path = Spring;
			sourceTree = "<group>";
		};
		CE50D2C31B340F9F001AE53C /* ProgressHUD */ = {
			isa = PBXGroup;
			children = (
				CE50D2C41B340F9F001AE53C /* ProgressHUD.bundle */,
				CE50D2C51B340F9F001AE53C /* ProgressHUD.h */,
				CE50D2C61B340F9F001AE53C /* ProgressHUD.m */,
			);
			path = ProgressHUD;
			sourceTree = "<group>";
		};
		CEA640C11B585FE40049F7F0 /* TPKeyboardAvoiding */ = {
			isa = PBXGroup;
			children = (
				CEA640C21B585FE40049F7F0 /* TPKeyboardAvoidingCollectionView.h */,
				CEA640C31B585FE40049F7F0 /* TPKeyboardAvoidingCollectionView.m */,
				CEA640C41B585FE40049F7F0 /* TPKeyboardAvoidingScrollView.h */,
				CEA640C51B585FE40049F7F0 /* TPKeyboardAvoidingScrollView.m */,
				CEA640C61B585FE40049F7F0 /* TPKeyboardAvoidingTableView.h */,
				CEA640C71B585FE40049F7F0 /* TPKeyboardAvoidingTableView.m */,
				CEA640C81B585FE40049F7F0 /* UIScrollView+TPKeyboardAvoidingAdditions.h */,
				CEA640C91B585FE40049F7F0 /* UIScrollView+TPKeyboardAvoidingAdditions.m */,
			);
			path = TPKeyboardAvoiding;
			sourceTree = "<group>";
		};
		CEC3325A1BEB0BCF00EE038B /* Main Feed */ = {
			isa = PBXGroup;
			children = (
				CEC332561BEB096B00EE038B /* FeedViewController.swift */,
				CEC332581BEB0B0000EE038B /* FeedTableViewCell.swift */,
			);
			name = "Main Feed";
			sourceTree = "<group>";
		};
/* End PBXGroup section */

/* Begin PBXNativeTarget section */
		CE10B9D21B32F2FC00EACD7A /* Persona */ = {
			isa = PBXNativeTarget;
			buildConfigurationList = CE10B9F21B32F2FC00EACD7A /* Build configuration list for PBXNativeTarget "Persona" */;
			buildPhases = (
				CE10B9CF1B32F2FC00EACD7A /* Sources */,
				CE10B9D01B32F2FC00EACD7A /* Frameworks */,
				CE10B9D11B32F2FC00EACD7A /* Resources */,
			);
			buildRules = (
			);
			dependencies = (
			);
			name = Persona;
			productName = Persona;
			productReference = CE10B9D31B32F2FC00EACD7A /* Persona.app */;
			productType = "com.apple.product-type.application";
		};
		CE10B9E71B32F2FC00EACD7A /* PersonaTests */ = {
			isa = PBXNativeTarget;
			buildConfigurationList = CE10B9F51B32F2FC00EACD7A /* Build configuration list for PBXNativeTarget "PersonaTests" */;
			buildPhases = (
				CE10B9E41B32F2FC00EACD7A /* Sources */,
				CE10B9E51B32F2FC00EACD7A /* Frameworks */,
				CE10B9E61B32F2FC00EACD7A /* Resources */,
			);
			buildRules = (
			);
			dependencies = (
				CE10B9EA1B32F2FC00EACD7A /* PBXTargetDependency */,
			);
			name = PersonaTests;
			productName = PersonaTests;
			productReference = CE10B9E81B32F2FC00EACD7A /* PersonaTests.xctest */;
			productType = "com.apple.product-type.bundle.unit-test";
		};
/* End PBXNativeTarget section */

/* Begin PBXProject section */
		CE10B9CB1B32F2FC00EACD7A /* Project object */ = {
			isa = PBXProject;
			attributes = {
				LastUpgradeCheck = 0610;
				ORGANIZATIONNAME = ImagineME;
				TargetAttributes = {
					CE10B9D21B32F2FC00EACD7A = {
						CreatedOnToolsVersion = 6.1.1;
					};
					CE10B9E71B32F2FC00EACD7A = {
						CreatedOnToolsVersion = 6.1.1;
						TestTargetID = CE10B9D21B32F2FC00EACD7A;
					};
				};
			};
			buildConfigurationList = CE10B9CE1B32F2FC00EACD7A /* Build configuration list for PBXProject "Persona" */;
			compatibilityVersion = "Xcode 3.2";
			developmentRegion = English;
			hasScannedForEncodings = 0;
			knownRegions = (
				en,
				Base,
			);
			mainGroup = CE10B9CA1B32F2FC00EACD7A;
			productRefGroup = CE10B9D41B32F2FC00EACD7A /* Products */;
			projectDirPath = "";
			projectRoot = "";
			targets = (
				CE10B9D21B32F2FC00EACD7A /* Persona */,
				CE10B9E71B32F2FC00EACD7A /* PersonaTests */,
			);
		};
/* End PBXProject section */

/* Begin PBXResourcesBuildPhase section */
		CE10B9D11B32F2FC00EACD7A /* Resources */ = {
			isa = PBXResourcesBuildPhase;
			buildActionMask = 2147483647;
			files = (
				CE10B9DE1B32F2FC00EACD7A /* Main.storyboard in Resources */,
				CE50D2C71B340F9F001AE53C /* ProgressHUD.bundle in Resources */,
				CE10B9E31B32F2FC00EACD7A /* LaunchScreen.xib in Resources */,
				CE24AB2A1B5634E400A74253 /* LoadingView.xib in Resources */,
				CE24AB271B5634E400A74253 /* Info.plist in Resources */,
				CE10B9E01B32F2FC00EACD7A /* Images.xcassets in Resources */,
			);
			runOnlyForDeploymentPostprocessing = 0;
		};
		CE10B9E61B32F2FC00EACD7A /* Resources */ = {
			isa = PBXResourcesBuildPhase;
			buildActionMask = 2147483647;
			files = (
			);
			runOnlyForDeploymentPostprocessing = 0;
		};
/* End PBXResourcesBuildPhase section */

/* Begin PBXSourcesBuildPhase section */
		CE10B9CF1B32F2FC00EACD7A /* Sources */ = {
			isa = PBXSourcesBuildPhase;
			buildActionMask = 2147483647;
			files = (
				CE24AB331B5634E400A74253 /* SpringTextView.swift in Sources */,
				CE24AB221B5634E400A74253 /* DesignableTabBarController.swift in Sources */,
				CE24AB1C1B5634E400A74253 /* AsyncImageView.swift in Sources */,
				CE24AB241B5634E400A74253 /* DesignableTextView.swift in Sources */,
				CE24AB1E1B5634E400A74253 /* BlurView.swift in Sources */,
				CE24AB2B1B5634E400A74253 /* Misc.swift in Sources */,
				CE24AB2D1B5634E400A74253 /* Spring.swift in Sources */,
				CE24AB281B5634E400A74253 /* KeyboardLayoutConstraint.swift in Sources */,
				CE24AB2F1B5634E400A74253 /* SpringButton.swift in Sources */,
				CE24AB341B5634E400A74253 /* SpringView.swift in Sources */,
				CE24AB1B1B5634E400A74253 /* AsyncButton.swift in Sources */,
				CEA640CC1B585FE40049F7F0 /* TPKeyboardAvoidingTableView.m in Sources */,
				CEC725541B36F19C0070F73A /* HHAlertView.m in Sources */,
				CE24AB231B5634E400A74253 /* DesignableTextField.swift in Sources */,
				CE10B9D91B32F2FC00EACD7A /* AppDelegate.swift in Sources */,
				CEEAD1681B345F540054B55F /* LoginViewController.swift in Sources */,
				CE24AB201B5634E400A74253 /* DesignableImageView.swift in Sources */,
				CE50D2C81B340F9F001AE53C /* ProgressHUD.m in Sources */,
				CE24AB251B5634E400A74253 /* DesignableView.swift in Sources */,
				CEA640CA1B585FE40049F7F0 /* TPKeyboardAvoidingCollectionView.m in Sources */,
				CE24AB361B5634E400A74253 /* TransitionZoom.swift in Sources */,
				CEC332591BEB0B0000EE038B /* FeedTableViewCell.swift in Sources */,
				CE24AB261B5634E400A74253 /* ImageLoader.swift in Sources */,
				CE24AB2E1B5634E400A74253 /* SpringAnimation.swift in Sources */,
				CE24AB351B5634E400A74253 /* TransitionManager.swift in Sources */,
				CE24AB371B5634E400A74253 /* UnwindSegue.swift in Sources */,
				CEC332571BEB096B00EE038B /* FeedViewController.swift in Sources */,
				CEA640CD1B585FE40049F7F0 /* UIScrollView+TPKeyboardAvoidingAdditions.m in Sources */,
				CE24AB291B5634E400A74253 /* LoadingView.swift in Sources */,
				CE24AB301B5634E400A74253 /* SpringImageView.swift in Sources */,
				CE24AB1F1B5634E400A74253 /* DesignableButton.swift in Sources */,
				CE24AB1D1B5634E400A74253 /* AutoTextView.swift in Sources */,
				CE24AB2C1B5634E400A74253 /* SoundPlayer.swift in Sources */,
				CE50D2C21B340A8E001AE53C /* SignUpViewController.swift in Sources */,
				CE24AB211B5634E400A74253 /* DesignableLabel.swift in Sources */,
				CEA640CB1B585FE40049F7F0 /* TPKeyboardAvoidingScrollView.m in Sources */,
				CE24AB321B5634E400A74253 /* SpringTextField.swift in Sources */,
				CE24AB311B5634E400A74253 /* SpringLabel.swift in Sources */,
			);
			runOnlyForDeploymentPostprocessing = 0;
		};
		CE10B9E41B32F2FC00EACD7A /* Sources */ = {
			isa = PBXSourcesBuildPhase;
			buildActionMask = 2147483647;
			files = (
				CE10B9EF1B32F2FC00EACD7A /* PersonaTests.swift in Sources */,
			);
			runOnlyForDeploymentPostprocessing = 0;
		};
/* End PBXSourcesBuildPhase section */

/* Begin PBXTargetDependency section */
		CE10B9EA1B32F2FC00EACD7A /* PBXTargetDependency */ = {
			isa = PBXTargetDependency;
			target = CE10B9D21B32F2FC00EACD7A /* Persona */;
			targetProxy = CE10B9E91B32F2FC00EACD7A /* PBXContainerItemProxy */;
		};
/* End PBXTargetDependency section */

/* Begin PBXVariantGroup section */
		CE10B9DC1B32F2FC00EACD7A /* Main.storyboard */ = {
			isa = PBXVariantGroup;
			children = (
				CE10B9DD1B32F2FC00EACD7A /* Base */,
			);
			name = Main.storyboard;
			sourceTree = "<group>";
		};
		CE10B9E11B32F2FC00EACD7A /* LaunchScreen.xib */ = {
			isa = PBXVariantGroup;
			children = (
				CE10B9E21B32F2FC00EACD7A /* Base */,
			);
			name = LaunchScreen.xib;
			sourceTree = "<group>";
		};
/* End PBXVariantGroup section */

/* Begin XCBuildConfiguration section */
		CE10B9F01B32F2FC00EACD7A /* Debug */ = {
			isa = XCBuildConfiguration;
			buildSettings = {
				ALWAYS_SEARCH_USER_PATHS = NO;
				CLANG_CXX_LANGUAGE_STANDARD = "gnu++0x";
				CLANG_CXX_LIBRARY = "libc++";
				CLANG_ENABLE_MODULES = YES;
				CLANG_ENABLE_OBJC_ARC = YES;
				CLANG_WARN_BOOL_CONVERSION = YES;
				CLANG_WARN_CONSTANT_CONVERSION = YES;
				CLANG_WARN_DIRECT_OBJC_ISA_USAGE = YES_ERROR;
				CLANG_WARN_EMPTY_BODY = YES;
				CLANG_WARN_ENUM_CONVERSION = YES;
				CLANG_WARN_INT_CONVERSION = YES;
				CLANG_WARN_OBJC_ROOT_CLASS = YES_ERROR;
				CLANG_WARN_UNREACHABLE_CODE = YES;
				CLANG_WARN__DUPLICATE_METHOD_MATCH = YES;
				"CODE_SIGN_IDENTITY[sdk=iphoneos*]" = "iPhone Developer";
				COPY_PHASE_STRIP = NO;
				ENABLE_STRICT_OBJC_MSGSEND = YES;
				GCC_C_LANGUAGE_STANDARD = gnu99;
				GCC_DYNAMIC_NO_PIC = NO;
				GCC_OPTIMIZATION_LEVEL = 0;
				GCC_PREPROCESSOR_DEFINITIONS = (
					"DEBUG=1",
					"$(inherited)",
				);
				GCC_SYMBOLS_PRIVATE_EXTERN = NO;
				GCC_WARN_64_TO_32_BIT_CONVERSION = YES;
				GCC_WARN_ABOUT_RETURN_TYPE = YES_ERROR;
				GCC_WARN_UNDECLARED_SELECTOR = YES;
				GCC_WARN_UNINITIALIZED_AUTOS = YES_AGGRESSIVE;
				GCC_WARN_UNUSED_FUNCTION = YES;
				GCC_WARN_UNUSED_VARIABLE = YES;
				IPHONEOS_DEPLOYMENT_TARGET = 8.1;
				MTL_ENABLE_DEBUG_INFO = YES;
				ONLY_ACTIVE_ARCH = YES;
				SDKROOT = iphoneos;
				SWIFT_OPTIMIZATION_LEVEL = "-Onone";
			};
			name = Debug;
		};
		CE10B9F11B32F2FC00EACD7A /* Release */ = {
			isa = XCBuildConfiguration;
			buildSettings = {
				ALWAYS_SEARCH_USER_PATHS = NO;
				CLANG_CXX_LANGUAGE_STANDARD = "gnu++0x";
				CLANG_CXX_LIBRARY = "libc++";
				CLANG_ENABLE_MODULES = YES;
				CLANG_ENABLE_OBJC_ARC = YES;
				CLANG_WARN_BOOL_CONVERSION = YES;
				CLANG_WARN_CONSTANT_CONVERSION = YES;
				CLANG_WARN_DIRECT_OBJC_ISA_USAGE = YES_ERROR;
				CLANG_WARN_EMPTY_BODY = YES;
				CLANG_WARN_ENUM_CONVERSION = YES;
				CLANG_WARN_INT_CONVERSION = YES;
				CLANG_WARN_OBJC_ROOT_CLASS = YES_ERROR;
				CLANG_WARN_UNREACHABLE_CODE = YES;
				CLANG_WARN__DUPLICATE_METHOD_MATCH = YES;
				"CODE_SIGN_IDENTITY[sdk=iphoneos*]" = "iPhone Developer";
				COPY_PHASE_STRIP = YES;
				ENABLE_NS_ASSERTIONS = NO;
				ENABLE_STRICT_OBJC_MSGSEND = YES;
				GCC_C_LANGUAGE_STANDARD = gnu99;
				GCC_WARN_64_TO_32_BIT_CONVERSION = YES;
				GCC_WARN_ABOUT_RETURN_TYPE = YES_ERROR;
				GCC_WARN_UNDECLARED_SELECTOR = YES;
				GCC_WARN_UNINITIALIZED_AUTOS = YES_AGGRESSIVE;
				GCC_WARN_UNUSED_FUNCTION = YES;
				GCC_WARN_UNUSED_VARIABLE = YES;
				IPHONEOS_DEPLOYMENT_TARGET = 8.1;
				MTL_ENABLE_DEBUG_INFO = NO;
				SDKROOT = iphoneos;
				VALIDATE_PRODUCT = YES;
			};
			name = Release;
		};
		CE10B9F31B32F2FC00EACD7A /* Debug */ = {
			isa = XCBuildConfiguration;
			buildSettings = {
				ASSETCATALOG_COMPILER_APPICON_NAME = AppIcon;
				INFOPLIST_FILE = Persona/Info.plist;
				LD_RUNPATH_SEARCH_PATHS = "$(inherited) @executable_path/Frameworks";
				PRODUCT_NAME = "$(TARGET_NAME)";
				SWIFT_OBJC_BRIDGING_HEADER = "/Users/user/Desktop/Persona/Persona/Persona-Bridging-Header.h";
			};
			name = Debug;
		};
		CE10B9F41B32F2FC00EACD7A /* Release */ = {
			isa = XCBuildConfiguration;
			buildSettings = {
				ASSETCATALOG_COMPILER_APPICON_NAME = AppIcon;
				INFOPLIST_FILE = Persona/Info.plist;
				LD_RUNPATH_SEARCH_PATHS = "$(inherited) @executable_path/Frameworks";
				PRODUCT_NAME = "$(TARGET_NAME)";
				SWIFT_OBJC_BRIDGING_HEADER = "/Users/user/Desktop/Persona/Persona/Persona-Bridging-Header.h";
			};
			name = Release;
		};
		CE10B9F61B32F2FC00EACD7A /* Debug */ = {
			isa = XCBuildConfiguration;
			buildSettings = {
				BUNDLE_LOADER = "$(TEST_HOST)";
				FRAMEWORK_SEARCH_PATHS = (
					"$(SDKROOT)/Developer/Library/Frameworks",
					"$(inherited)",
				);
				GCC_PREPROCESSOR_DEFINITIONS = (
					"DEBUG=1",
					"$(inherited)",
				);
				INFOPLIST_FILE = PersonaTests/Info.plist;
				LD_RUNPATH_SEARCH_PATHS = "$(inherited) @executable_path/Frameworks @loader_path/Frameworks";
				PRODUCT_NAME = "$(TARGET_NAME)";
				TEST_HOST = "$(BUILT_PRODUCTS_DIR)/Persona.app/Persona";
			};
			name = Debug;
		};
		CE10B9F71B32F2FC00EACD7A /* Release */ = {
			isa = XCBuildConfiguration;
			buildSettings = {
				BUNDLE_LOADER = "$(TEST_HOST)";
				FRAMEWORK_SEARCH_PATHS = (
					"$(SDKROOT)/Developer/Library/Frameworks",
					"$(inherited)",
				);
				INFOPLIST_FILE = PersonaTests/Info.plist;
				LD_RUNPATH_SEARCH_PATHS = "$(inherited) @executable_path/Frameworks @loader_path/Frameworks";
				PRODUCT_NAME = "$(TARGET_NAME)";
				TEST_HOST = "$(BUILT_PRODUCTS_DIR)/Persona.app/Persona";
			};
			name = Release;
		};
/* End XCBuildConfiguration section */

/* Begin XCConfigurationList section */
		CE10B9CE1B32F2FC00EACD7A /* Build configuration list for PBXProject "Persona" */ = {
			isa = XCConfigurationList;
			buildConfigurations = (
				CE10B9F01B32F2FC00EACD7A /* Debug */,
				CE10B9F11B32F2FC00EACD7A /* Release */,
			);
			defaultConfigurationIsVisible = 0;
			defaultConfigurationName = Release;
		};
		CE10B9F21B32F2FC00EACD7A /* Build configuration list for PBXNativeTarget "Persona" */ = {
			isa = XCConfigurationList;
			buildConfigurations = (
				CE10B9F31B32F2FC00EACD7A /* Debug */,
				CE10B9F41B32F2FC00EACD7A /* Release */,
			);
			defaultConfigurationIsVisible = 0;
			defaultConfigurationName = Release;
		};
		CE10B9F51B32F2FC00EACD7A /* Build configuration list for PBXNativeTarget "PersonaTests" */ = {
			isa = XCConfigurationList;
			buildConfigurations = (
				CE10B9F61B32F2FC00EACD7A /* Debug */,
				CE10B9F71B32F2FC00EACD7A /* Release */,
			);
			defaultConfigurationIsVisible = 0;
			defaultConfigurationName = Release;
		};
/* End XCConfigurationList section */
	};
	rootObject = CE10B9CB1B32F2FC00EACD7A /* Project object */;
}
